// !$*UTF8*$!
{
	archiveVersion = 1;
	classes = {
	};
	objectVersion = 56;
	objects = {

/* Begin PBXBuildFile section */
		50DFC90C296BA42B007CED07 /* CSQWApp.swift in Sources */ = {isa = PBXBuildFile; fileRef = 50DFC90B296BA42B007CED07 /* CSQWApp.swift */; };
		50DFC90E296BA42B007CED07 /* ContentView.swift in Sources */ = {isa = PBXBuildFile; fileRef = 50DFC90D296BA42B007CED07 /* ContentView.swift */; };
		50DFC910296BA42C007CED07 /* Assets.xcassets in Resources */ = {isa = PBXBuildFile; fileRef = 50DFC90F296BA42C007CED07 /* Assets.xcassets */; };
		50DFC913296BA42C007CED07 /* Preview Assets.xcassets in Resources */ = {isa = PBXBuildFile; fileRef = 50DFC912296BA42C007CED07 /* Preview Assets.xcassets */; };
		50DFC91D296BA42C007CED07 /* CSQWTests.swift in Sources */ = {isa = PBXBuildFile; fileRef = 50DFC91C296BA42C007CED07 /* CSQWTests.swift */; };
		50DFC927296BA42C007CED07 /* CSQWUITests.swift in Sources */ = {isa = PBXBuildFile; fileRef = 50DFC926296BA42C007CED07 /* CSQWUITests.swift */; };
		50DFC929296BA42C007CED07 /* CSQWUITestsLaunchTests.swift in Sources */ = {isa = PBXBuildFile; fileRef = 50DFC928296BA42C007CED07 /* CSQWUITestsLaunchTests.swift */; };
/* End PBXBuildFile section */

/* Begin PBXContainerItemProxy section */
		50DFC919296BA42C007CED07 /* PBXContainerItemProxy */ = {
			isa = PBXContainerItemProxy;
			containerPortal = 50DFC900296BA42B007CED07 /* Project object */;
			proxyType = 1;
			remoteGlobalIDString = 50DFC907296BA42B007CED07;
			remoteInfo = CSQW;
		};
		50DFC923296BA42C007CED07 /* PBXContainerItemProxy */ = {
			isa = PBXContainerItemProxy;
			containerPortal = 50DFC900296BA42B007CED07 /* Project object */;
			proxyType = 1;
			remoteGlobalIDString = 50DFC907296BA42B007CED07;
			remoteInfo = CSQW;
		};
/* End PBXContainerItemProxy section */

/* Begin PBXFileReference section */
		50DFC908296BA42B007CED07 /* CSQW.app */ = {isa = PBXFileReference; explicitFileType = wrapper.application; includeInIndex = 0; path = CSQW.app; sourceTree = BUILT_PRODUCTS_DIR; };
		50DFC90B296BA42B007CED07 /* CSQWApp.swift */ = {isa = PBXFileReference; lastKnownFileType = sourcecode.swift; path = CSQWApp.swift; sourceTree = "<group>"; };
		50DFC90D296BA42B007CED07 /* ContentView.swift */ = {isa = PBXFileReference; lastKnownFileType = sourcecode.swift; path = ContentView.swift; sourceTree = "<group>"; };
		50DFC90F296BA42C007CED07 /* Assets.xcassets */ = {isa = PBXFileReference; lastKnownFileType = folder.assetcatalog; path = Assets.xcassets; sourceTree = "<group>"; };
		50DFC912296BA42C007CED07 /* Preview Assets.xcassets */ = {isa = PBXFileReference; lastKnownFileType = folder.assetcatalog; path = "Preview Assets.xcassets"; sourceTree = "<group>"; };
		50DFC918296BA42C007CED07 /* CSQWTests.xctest */ = {isa = PBXFileReference; explicitFileType = wrapper.cfbundle; includeInIndex = 0; path = CSQWTests.xctest; sourceTree = BUILT_PRODUCTS_DIR; };
		50DFC91C296BA42C007CED07 /* CSQWTests.swift */ = {isa = PBXFileReference; lastKnownFileType = sourcecode.swift; path = CSQWTests.swift; sourceTree = "<group>"; };
		50DFC922296BA42C007CED07 /* CSQWUITests.xctest */ = {isa = PBXFileReference; explicitFileType = wrapper.cfbundle; includeInIndex = 0; path = CSQWUITests.xctest; sourceTree = BUILT_PRODUCTS_DIR; };
		50DFC926296BA42C007CED07 /* CSQWUITests.swift */ = {isa = PBXFileReference; lastKnownFileType = sourcecode.swift; path = CSQWUITests.swift; sourceTree = "<group>"; };
		50DFC928296BA42C007CED07 /* CSQWUITestsLaunchTests.swift */ = {isa = PBXFileReference; lastKnownFileType = sourcecode.swift; path = CSQWUITestsLaunchTests.swift; sourceTree = "<group>"; };
/* End PBXFileReference section */

/* Begin PBXFrameworksBuildPhase section */
		50DFC905296BA42B007CED07 /* Frameworks */ = {
			isa = PBXFrameworksBuildPhase;
			buildActionMask = 2147483647;
			files = (
			);
			runOnlyForDeploymentPostprocessing = 0;
		};
		50DFC915296BA42C007CED07 /* Frameworks */ = {
			isa = PBXFrameworksBuildPhase;
			buildActionMask = 2147483647;
			files = (
			);
			runOnlyForDeploymentPostprocessing = 0;
		};
		50DFC91F296BA42C007CED07 /* Frameworks */ = {
			isa = PBXFrameworksBuildPhase;
			buildActionMask = 2147483647;
			files = (
			);
			runOnlyForDeploymentPostprocessing = 0;
		};
/* End PBXFrameworksBuildPhase section */

/* Begin PBXGroup section */
		50DFC8FF296BA42B007CED07 = {
			isa = PBXGroup;
			children = (
				50DFC90A296BA42B007CED07 /* CSQW */,
				50DFC91B296BA42C007CED07 /* CSQWTests */,
				50DFC925296BA42C007CED07 /* CSQWUITests */,
				50DFC909296BA42B007CED07 /* Products */,
			);
			sourceTree = "<group>";
		};
		50DFC909296BA42B007CED07 /* Products */ = {
			isa = PBXGroup;
			children = (
				50DFC908296BA42B007CED07 /* CSQW.app */,
				50DFC918296BA42C007CED07 /* CSQWTests.xctest */,
				50DFC922296BA42C007CED07 /* CSQWUITests.xctest */,
			);
			name = Products;
			sourceTree = "<group>";
		};
		50DFC90A296BA42B007CED07 /* CSQW */ = {
			isa = PBXGroup;
			children = (
				50DFC90B296BA42B007CED07 /* CSQWApp.swift */,
				50DFC90D296BA42B007CED07 /* ContentView.swift */,
				50DFC90F296BA42C007CED07 /* Assets.xcassets */,
				50DFC911296BA42C007CED07 /* Preview Content */,
			);
			path = CSQW;
			sourceTree = "<group>";
		};
		50DFC911296BA42C007CED07 /* Preview Content */ = {
			isa = PBXGroup;
			children = (
				50DFC912296BA42C007CED07 /* Preview Assets.xcassets */,
			);
			path = "Preview Content";
			sourceTree = "<group>";
		};
		50DFC91B296BA42C007CED07 /* CSQWTests */ = {
			isa = PBXGroup;
			children = (
				50DFC91C296BA42C007CED07 /* CSQWTests.swift */,
			);
			path = CSQWTests;
			sourceTree = "<group>";
		};
		50DFC925296BA42C007CED07 /* CSQWUITests */ = {
			isa = PBXGroup;
			children = (
				50DFC926296BA42C007CED07 /* CSQWUITests.swift */,
				50DFC928296BA42C007CED07 /* CSQWUITestsLaunchTests.swift */,
			);
			path = CSQWUITests;
			sourceTree = "<group>";
		};
/* End PBXGroup section */

/* Begin PBXNativeTarget section */
		50DFC907296BA42B007CED07 /* CSQW */ = {
			isa = PBXNativeTarget;
			buildConfigurationList = 50DFC92C296BA42C007CED07 /* Build configuration list for PBXNativeTarget "CSQW" */;
			buildPhases = (
				50DFC904296BA42B007CED07 /* Sources */,
				50DFC905296BA42B007CED07 /* Frameworks */,
				50DFC906296BA42B007CED07 /* Resources */,
			);
			buildRules = (
			);
			dependencies = (
			);
			name = CSQW;
			productName = CSQW;
			productReference = 50DFC908296BA42B007CED07 /* CSQW.app */;
			productType = "com.apple.product-type.application";
		};
		50DFC917296BA42C007CED07 /* CSQWTests */ = {
			isa = PBXNativeTarget;
			buildConfigurationList = 50DFC92F296BA42C007CED07 /* Build configuration list for PBXNativeTarget "CSQWTests" */;
			buildPhases = (
				50DFC914296BA42C007CED07 /* Sources */,
				50DFC915296BA42C007CED07 /* Frameworks */,
				50DFC916296BA42C007CED07 /* Resources */,
			);
			buildRules = (
			);
			dependencies = (
				50DFC91A296BA42C007CED07 /* PBXTargetDependency */,
			);
			name = CSQWTests;
			productName = CSQWTests;
			productReference = 50DFC918296BA42C007CED07 /* CSQWTests.xctest */;
			productType = "com.apple.product-type.bundle.unit-test";
		};
		50DFC921296BA42C007CED07 /* CSQWUITests */ = {
			isa = PBXNativeTarget;
			buildConfigurationList = 50DFC932296BA42C007CED07 /* Build configuration list for PBXNativeTarget "CSQWUITests" */;
			buildPhases = (
				50DFC91E296BA42C007CED07 /* Sources */,
				50DFC91F296BA42C007CED07 /* Frameworks */,
				50DFC920296BA42C007CED07 /* Resources */,
			);
			buildRules = (
			);
			dependencies = (
				50DFC924296BA42C007CED07 /* PBXTargetDependency */,
			);
			name = CSQWUITests;
			productName = CSQWUITests;
			productReference = 50DFC922296BA42C007CED07 /* CSQWUITests.xctest */;
			productType = "com.apple.product-type.bundle.ui-testing";
		};
/* End PBXNativeTarget section */

/* Begin PBXProject section */
		50DFC900296BA42B007CED07 /* Project object */ = {
			isa = PBXProject;
			attributes = {
				BuildIndependentTargetsInParallel = 1;
				LastSwiftUpdateCheck = 1420;
				LastUpgradeCheck = 1420;
				TargetAttributes = {
					50DFC907296BA42B007CED07 = {
						CreatedOnToolsVersion = 14.2;
					};
					50DFC917296BA42C007CED07 = {
						CreatedOnToolsVersion = 14.2;
						TestTargetID = 50DFC907296BA42B007CED07;
					};
					50DFC921296BA42C007CED07 = {
						CreatedOnToolsVersion = 14.2;
						TestTargetID = 50DFC907296BA42B007CED07;
					};
				};
			};
			buildConfigurationList = 50DFC903296BA42B007CED07 /* Build configuration list for PBXProject "CSQW" */;
			compatibilityVersion = "Xcode 14.0";
			developmentRegion = en;
			hasScannedForEncodings = 0;
			knownRegions = (
				en,
				Base,
			);
			mainGroup = 50DFC8FF296BA42B007CED07;
			productRefGroup = 50DFC909296BA42B007CED07 /* Products */;
			projectDirPath = "";
			projectRoot = "";
			targets = (
				50DFC907296BA42B007CED07 /* CSQW */,
				50DFC917296BA42C007CED07 /* CSQWTests */,
				50DFC921296BA42C007CED07 /* CSQWUITests */,
			);
		};
/* End PBXProject section */

/* Begin PBXResourcesBuildPhase section */
		50DFC906296BA42B007CED07 /* Resources */ = {
			isa = PBXResourcesBuildPhase;
			buildActionMask = 2147483647;
			files = (
				50DFC913296BA42C007CED07 /* Preview Assets.xcassets in Resources */,
				50DFC910296BA42C007CED07 /* Assets.xcassets in Resources */,
			);
			runOnlyForDeploymentPostprocessing = 0;
		};
		50DFC916296BA42C007CED07 /* Resources */ = {
			isa = PBXResourcesBuildPhase;
			buildActionMask = 2147483647;
			files = (
			);
			runOnlyForDeploymentPostprocessing = 0;
		};
		50DFC920296BA42C007CED07 /* Resources */ = {
			isa = PBXResourcesBuildPhase;
			buildActionMask = 2147483647;
			files = (
			);
			runOnlyForDeploymentPostprocessing = 0;
		};
/* End PBXResourcesBuildPhase section */

/* Begin PBXSourcesBuildPhase section */
		50DFC904296BA42B007CED07 /* Sources */ = {
			isa = PBXSourcesBuildPhase;
			buildActionMask = 2147483647;
			files = (
				50DFC90E296BA42B007CED07 /* ContentView.swift in Sources */,
				50DFC90C296BA42B007CED07 /* CSQWApp.swift in Sources */,
			);
			runOnlyForDeploymentPostprocessing = 0;
		};
		50DFC914296BA42C007CED07 /* Sources */ = {
			isa = PBXSourcesBuildPhase;
			buildActionMask = 2147483647;
			files = (
				50DFC91D296BA42C007CED07 /* CSQWTests.swift in Sources */,
			);
			runOnlyForDeploymentPostprocessing = 0;
		};
		50DFC91E296BA42C007CED07 /* Sources */ = {
			isa = PBXSourcesBuildPhase;
			buildActionMask = 2147483647;
			files = (
				50DFC929296BA42C007CED07 /* CSQWUITestsLaunchTests.swift in Sources */,
				50DFC927296BA42C007CED07 /* CSQWUITests.swift in Sources */,
			);
			runOnlyForDeploymentPostprocessing = 0;
		};
/* End PBXSourcesBuildPhase section */

/* Begin PBXTargetDependency section */
		50DFC91A296BA42C007CED07 /* PBXTargetDependency */ = {
			isa = PBXTargetDependency;
			target = 50DFC907296BA42B007CED07 /* CSQW */;
			targetProxy = 50DFC919296BA42C007CED07 /* PBXContainerItemProxy */;
		};
		50DFC924296BA42C007CED07 /* PBXTargetDependency */ = {
			isa = PBXTargetDependency;
			target = 50DFC907296BA42B007CED07 /* CSQW */;
			targetProxy = 50DFC923296BA42C007CED07 /* PBXContainerItemProxy */;
		};
/* End PBXTargetDependency section */

/* Begin XCBuildConfiguration section */
		50DFC92A296BA42C007CED07 /* Debug */ = {
			isa = XCBuildConfiguration;
			buildSettings = {
				ALWAYS_SEARCH_USER_PATHS = NO;
				CLANG_ANALYZER_NONNULL = YES;
				CLANG_ANALYZER_NUMBER_OBJECT_CONVERSION = YES_AGGRESSIVE;
				CLANG_CXX_LANGUAGE_STANDARD = "gnu++20";
				CLANG_ENABLE_MODULES = YES;
				CLANG_ENABLE_OBJC_ARC = YES;
				CLANG_ENABLE_OBJC_WEAK = YES;
				CLANG_WARN_BLOCK_CAPTURE_AUTORELEASING = YES;
				CLANG_WARN_BOOL_CONVERSION = YES;
				CLANG_WARN_COMMA = YES;
				CLANG_WARN_CONSTANT_CONVERSION = YES;
				CLANG_WARN_DEPRECATED_OBJC_IMPLEMENTATIONS = YES;
				CLANG_WARN_DIRECT_OBJC_ISA_USAGE = YES_ERROR;
				CLANG_WARN_DOCUMENTATION_COMMENTS = YES;
				CLANG_WARN_EMPTY_BODY = YES;
				CLANG_WARN_ENUM_CONVERSION = YES;
				CLANG_WARN_INFINITE_RECURSION = YES;
				CLANG_WARN_INT_CONVERSION = YES;
				CLANG_WARN_NON_LITERAL_NULL_CONVERSION = YES;
				CLANG_WARN_OBJC_IMPLICIT_RETAIN_SELF = YES;
				CLANG_WARN_OBJC_LITERAL_CONVERSION = YES;
				CLANG_WARN_OBJC_ROOT_CLASS = YES_ERROR;
				CLANG_WARN_QUOTED_INCLUDE_IN_FRAMEWORK_HEADER = YES;
				CLANG_WARN_RANGE_LOOP_ANALYSIS = YES;
				CLANG_WARN_STRICT_PROTOTYPES = YES;
				CLANG_WARN_SUSPICIOUS_MOVE = YES;
				CLANG_WARN_UNGUARDED_AVAILABILITY = YES_AGGRESSIVE;
				CLANG_WARN_UNREACHABLE_CODE = YES;
				CLANG_WARN__DUPLICATE_METHOD_MATCH = YES;
				COPY_PHASE_STRIP = NO;
				DEBUG_INFORMATION_FORMAT = dwarf;
				ENABLE_STRICT_OBJC_MSGSEND = YES;
				ENABLE_TESTABILITY = YES;
				GCC_C_LANGUAGE_STANDARD = gnu11;
				GCC_DYNAMIC_NO_PIC = NO;
				GCC_NO_COMMON_BLOCKS = YES;
				GCC_OPTIMIZATION_LEVEL = 0;
				GCC_PREPROCESSOR_DEFINITIONS = (
					"DEBUG=1",
					"$(inherited)",
				);
				GCC_WARN_64_TO_32_BIT_CONVERSION = YES;
				GCC_WARN_ABOUT_RETURN_TYPE = YES_ERROR;
				GCC_WARN_UNDECLARED_SELECTOR = YES;
				GCC_WARN_UNINITIALIZED_AUTOS = YES_AGGRESSIVE;
				GCC_WARN_UNUSED_FUNCTION = YES;
				GCC_WARN_UNUSED_VARIABLE = YES;
				IPHONEOS_DEPLOYMENT_TARGET = 16.2;
				MTL_ENABLE_DEBUG_INFO = INCLUDE_SOURCE;
				MTL_FAST_MATH = YES;
				ONLY_ACTIVE_ARCH = YES;
				SDKROOT = iphoneos;
				SWIFT_ACTIVE_COMPILATION_CONDITIONS = DEBUG;
				SWIFT_OPTIMIZATION_LEVEL = "-Onone";
			};
			name = Debug;
		};
		50DFC92B296BA42C007CED07 /* Release */ = {
			isa = XCBuildConfiguration;
			buildSettings = {
				ALWAYS_SEARCH_USER_PATHS = NO;
				CLANG_ANALYZER_NONNULL = YES;
				CLANG_ANALYZER_NUMBER_OBJECT_CONVERSION = YES_AGGRESSIVE;
				CLANG_CXX_LANGUAGE_STANDARD = "gnu++20";
				CLANG_ENABLE_MODULES = YES;
				CLANG_ENABLE_OBJC_ARC = YES;
				CLANG_ENABLE_OBJC_WEAK = YES;
				CLANG_WARN_BLOCK_CAPTURE_AUTORELEASING = YES;
				CLANG_WARN_BOOL_CONVERSION = YES;
				CLANG_WARN_COMMA = YES;
				CLANG_WARN_CONSTANT_CONVERSION = YES;
				CLANG_WARN_DEPRECATED_OBJC_IMPLEMENTATIONS = YES;
				CLANG_WARN_DIRECT_OBJC_ISA_USAGE = YES_ERROR;
				CLANG_WARN_DOCUMENTATION_COMMENTS = YES;
				CLANG_WARN_EMPTY_BODY = YES;
				CLANG_WARN_ENUM_CONVERSION = YES;
				CLANG_WARN_INFINITE_RECURSION = YES;
				CLANG_WARN_INT_CONVERSION = YES;
				CLANG_WARN_NON_LITERAL_NULL_CONVERSION = YES;
				CLANG_WARN_OBJC_IMPLICIT_RETAIN_SELF = YES;
				CLANG_WARN_OBJC_LITERAL_CONVERSION = YES;
				CLANG_WARN_OBJC_ROOT_CLASS = YES_ERROR;
				CLANG_WARN_QUOTED_INCLUDE_IN_FRAMEWORK_HEADER = YES;
				CLANG_WARN_RANGE_LOOP_ANALYSIS = YES;
				CLANG_WARN_STRICT_PROTOTYPES = YES;
				CLANG_WARN_SUSPICIOUS_MOVE = YES;
				CLANG_WARN_UNGUARDED_AVAILABILITY = YES_AGGRESSIVE;
				CLANG_WARN_UNREACHABLE_CODE = YES;
				CLANG_WARN__DUPLICATE_METHOD_MATCH = YES;
				COPY_PHASE_STRIP = NO;
				DEBUG_INFORMATION_FORMAT = "dwarf-with-dsym";
				ENABLE_NS_ASSERTIONS = NO;
				ENABLE_STRICT_OBJC_MSGSEND = YES;
				GCC_C_LANGUAGE_STANDARD = gnu11;
				GCC_NO_COMMON_BLOCKS = YES;
				GCC_WARN_64_TO_32_BIT_CONVERSION = YES;
				GCC_WARN_ABOUT_RETURN_TYPE = YES_ERROR;
				GCC_WARN_UNDECLARED_SELECTOR = YES;
				GCC_WARN_UNINITIALIZED_AUTOS = YES_AGGRESSIVE;
				GCC_WARN_UNUSED_FUNCTION = YES;
				GCC_WARN_UNUSED_VARIABLE = YES;
				IPHONEOS_DEPLOYMENT_TARGET = 16.2;
				MTL_ENABLE_DEBUG_INFO = NO;
				MTL_FAST_MATH = YES;
				SDKROOT = iphoneos;
				SWIFT_COMPILATION_MODE = wholemodule;
				SWIFT_OPTIMIZATION_LEVEL = "-O";
				VALIDATE_PRODUCT = YES;
			};
			name = Release;
		};
		50DFC92D296BA42C007CED07 /* Debug */ = {
			isa = XCBuildConfiguration;
			buildSettings = {
				ASSETCATALOG_COMPILER_APPICON_NAME = AppIcon;
				ASSETCATALOG_COMPILER_GLOBAL_ACCENT_COLOR_NAME = AccentColor;
				CODE_SIGN_STYLE = Automatic;
				CURRENT_PROJECT_VERSION = 1;
				DEVELOPMENT_ASSET_PATHS = "\"CSQW/Preview Content\"";
				DEVELOPMENT_TEAM = W59W3QVKXJ;
				ENABLE_PREVIEWS = YES;
				GENERATE_INFOPLIST_FILE = YES;
				INFOPLIST_KEY_UIApplicationSceneManifest_Generation = YES;
				INFOPLIST_KEY_UIApplicationSupportsIndirectInputEvents = YES;
				INFOPLIST_KEY_UILaunchScreen_Generation = YES;
				INFOPLIST_KEY_UISupportedInterfaceOrientations_iPad = "UIInterfaceOrientationPortrait UIInterfaceOrientationPortraitUpsideDown UIInterfaceOrientationLandscapeLeft UIInterfaceOrientationLandscapeRight";
				INFOPLIST_KEY_UISupportedInterfaceOrientations_iPhone = "UIInterfaceOrientationPortrait UIInterfaceOrientationLandscapeLeft UIInterfaceOrientationLandscapeRight";
				LD_RUNPATH_SEARCH_PATHS = (
					"$(inherited)",
					"@executable_path/Frameworks",
				);
				MARKETING_VERSION = 1.0;
				PRODUCT_BUNDLE_IDENTIFIER = com.mtndev.CSQW;
				PRODUCT_NAME = "$(TARGET_NAME)";
				SWIFT_EMIT_LOC_STRINGS = YES;
				SWIFT_VERSION = 5.0;
				TARGETED_DEVICE_FAMILY = "1,2";
			};
			name = Debug;
		};
		50DFC92E296BA42C007CED07 /* Release */ = {
			isa = XCBuildConfiguration;
			buildSettings = {
				ASSETCATALOG_COMPILER_APPICON_NAME = AppIcon;
				ASSETCATALOG_COMPILER_GLOBAL_ACCENT_COLOR_NAME = AccentColor;
				CODE_SIGN_STYLE = Automatic;
				CURRENT_PROJECT_VERSION = 1;
				DEVELOPMENT_ASSET_PATHS = "\"CSQW/Preview Content\"";
				DEVELOPMENT_TEAM = W59W3QVKXJ;
				ENABLE_PREVIEWS = YES;
				GENERATE_INFOPLIST_FILE = YES;
				INFOPLIST_KEY_UIApplicationSceneManifest_Generation = YES;
				INFOPLIST_KEY_UIApplicationSupportsIndirectInputEvents = YES;
				INFOPLIST_KEY_UILaunchScreen_Generation = YES;
				INFOPLIST_KEY_UISupportedInterfaceOrientations_iPad = "UIInterfaceOrientationPortrait UIInterfaceOrientationPortraitUpsideDown UIInterfaceOrientationLandscapeLeft UIInterfaceOrientationLandscapeRight";
				INFOPLIST_KEY_UISupportedInterfaceOrientations_iPhone = "UIInterfaceOrientationPortrait UIInterfaceOrientationLandscapeLeft UIInterfaceOrientationLandscapeRight";
				LD_RUNPATH_SEARCH_PATHS = (
					"$(inherited)",
					"@executable_path/Frameworks",
				);
				MARKETING_VERSION = 1.0;
				PRODUCT_BUNDLE_IDENTIFIER = com.mtndev.CSQW;
				PRODUCT_NAME = "$(TARGET_NAME)";
				SWIFT_EMIT_LOC_STRINGS = YES;
				SWIFT_VERSION = 5.0;
				TARGETED_DEVICE_FAMILY = "1,2";
			};
			name = Release;
		};
		50DFC930296BA42C007CED07 /* Debug */ = {
			isa = XCBuildConfiguration;
			buildSettings = {
				ALWAYS_EMBED_SWIFT_STANDARD_LIBRARIES = YES;
				BUNDLE_LOADER = "$(TEST_HOST)";
				CODE_SIGN_STYLE = Automatic;
				CURRENT_PROJECT_VERSION = 1;
				DEVELOPMENT_TEAM = W59W3QVKXJ;
				GENERATE_INFOPLIST_FILE = YES;
				IPHONEOS_DEPLOYMENT_TARGET = 16.2;
				MARKETING_VERSION = 1.0;
				PRODUCT_BUNDLE_IDENTIFIER = com.mtndev.CSQWTests;
				PRODUCT_NAME = "$(TARGET_NAME)";
				SWIFT_EMIT_LOC_STRINGS = NO;
				SWIFT_VERSION = 5.0;
				TARGETED_DEVICE_FAMILY = "1,2";
				TEST_HOST = "$(BUILT_PRODUCTS_DIR)/CSQW.app/$(BUNDLE_EXECUTABLE_FOLDER_PATH)/CSQW";
			};
			name = Debug;
		};
		50DFC931296BA42C007CED07 /* Release */ = {
			isa = XCBuildConfiguration;
			buildSettings = {
				ALWAYS_EMBED_SWIFT_STANDARD_LIBRARIES = YES;
				BUNDLE_LOADER = "$(TEST_HOST)";
				CODE_SIGN_STYLE = Automatic;
				CURRENT_PROJECT_VERSION = 1;
				DEVELOPMENT_TEAM = W59W3QVKXJ;
				GENERATE_INFOPLIST_FILE = YES;
				IPHONEOS_DEPLOYMENT_TARGET = 16.2;
				MARKETING_VERSION = 1.0;
				PRODUCT_BUNDLE_IDENTIFIER = com.mtndev.CSQWTests;
				PRODUCT_NAME = "$(TARGET_NAME)";
				SWIFT_EMIT_LOC_STRINGS = NO;
				SWIFT_VERSION = 5.0;
				TARGETED_DEVICE_FAMILY = "1,2";
				TEST_HOST = "$(BUILT_PRODUCTS_DIR)/CSQW.app/$(BUNDLE_EXECUTABLE_FOLDER_PATH)/CSQW";
			};
			name = Release;
		};
		50DFC933296BA42C007CED07 /* Debug */ = {
			isa = XCBuildConfiguration;
			buildSettings = {
				ALWAYS_EMBED_SWIFT_STANDARD_LIBRARIES = YES;
				CODE_SIGN_STYLE = Automatic;
				CURRENT_PROJECT_VERSION = 1;
				DEVELOPMENT_TEAM = W59W3QVKXJ;
				GENERATE_INFOPLIST_FILE = YES;
				MARKETING_VERSION = 1.0;
				PRODUCT_BUNDLE_IDENTIFIER = com.mtndev.CSQWUITests;
				PRODUCT_NAME = "$(TARGET_NAME)";
				SWIFT_EMIT_LOC_STRINGS = NO;
				SWIFT_VERSION = 5.0;
				TARGETED_DEVICE_FAMILY = "1,2";
				TEST_TARGET_NAME = CSQW;
			};
			name = Debug;
		};
		50DFC934296BA42C007CED07 /* Release */ = {
			isa = XCBuildConfiguration;
			buildSettings = {
				ALWAYS_EMBED_SWIFT_STANDARD_LIBRARIES = YES;
				CODE_SIGN_STYLE = Automatic;
				CURRENT_PROJECT_VERSION = 1;
				DEVELOPMENT_TEAM = W59W3QVKXJ;
				GENERATE_INFOPLIST_FILE = YES;
				MARKETING_VERSION = 1.0;
				PRODUCT_BUNDLE_IDENTIFIER = com.mtndev.CSQWUITests;
				PRODUCT_NAME = "$(TARGET_NAME)";
				SWIFT_EMIT_LOC_STRINGS = NO;
				SWIFT_VERSION = 5.0;
				TARGETED_DEVICE_FAMILY = "1,2";
				TEST_TARGET_NAME = CSQW;
			};
			name = Release;
		};
/* End XCBuildConfiguration section */

/* Begin XCConfigurationList section */
		50DFC903296BA42B007CED07 /* Build configuration list for PBXProject "CSQW" */ = {
			isa = XCConfigurationList;
			buildConfigurations = (
				50DFC92A296BA42C007CED07 /* Debug */,
				50DFC92B296BA42C007CED07 /* Release */,
			);
			defaultConfigurationIsVisible = 0;
			defaultConfigurationName = Release;
		};
		50DFC92C296BA42C007CED07 /* Build configuration list for PBXNativeTarget "CSQW" */ = {
			isa = XCConfigurationList;
			buildConfigurations = (
				50DFC92D296BA42C007CED07 /* Debug */,
				50DFC92E296BA42C007CED07 /* Release */,
			);
			defaultConfigurationIsVisible = 0;
			defaultConfigurationName = Release;
		};
		50DFC92F296BA42C007CED07 /* Build configuration list for PBXNativeTarget "CSQWTests" */ = {
			isa = XCConfigurationList;
			buildConfigurations = (
				50DFC930296BA42C007CED07 /* Debug */,
				50DFC931296BA42C007CED07 /* Release */,
			);
			defaultConfigurationIsVisible = 0;
			defaultConfigurationName = Release;
		};
		50DFC932296BA42C007CED07 /* Build configuration list for PBXNativeTarget "CSQWUITests" */ = {
			isa = XCConfigurationList;
			buildConfigurations = (
				50DFC933296BA42C007CED07 /* Debug */,
				50DFC934296BA42C007CED07 /* Release */,
			);
			defaultConfigurationIsVisible = 0;
			defaultConfigurationName = Release;
		};
/* End XCConfigurationList section */
	};
	rootObject = 50DFC900296BA42B007CED07 /* Project object */;
}
